// !$*UTF8*$!
{
	archiveVersion = 1;
	classes = {
	};
	objectVersion = 50;
	objects = {

/* Begin PBXBuildFile section */
		45701B94215FCAA90015A2B2 /* AppDelegate.swift in Sources */ = {isa = PBXBuildFile; fileRef = 45701B93215FCAA90015A2B2 /* AppDelegate.swift */; };
		45701B96215FCAA90015A2B2 /* MasterViewController.swift in Sources */ = {isa = PBXBuildFile; fileRef = 45701B95215FCAA90015A2B2 /* MasterViewController.swift */; };
		45701B98215FCAA90015A2B2 /* DetailViewController.swift in Sources */ = {isa = PBXBuildFile; fileRef = 45701B97215FCAA90015A2B2 /* DetailViewController.swift */; };
		45701B9B215FCAA90015A2B2 /* Main.storyboard in Resources */ = {isa = PBXBuildFile; fileRef = 45701B99215FCAA90015A2B2 /* Main.storyboard */; };
		45701B9D215FCAAA0015A2B2 /* Assets.xcassets in Resources */ = {isa = PBXBuildFile; fileRef = 45701B9C215FCAAA0015A2B2 /* Assets.xcassets */; };
		45701BA0215FCAAA0015A2B2 /* LaunchScreen.storyboard in Resources */ = {isa = PBXBuildFile; fileRef = 45701B9E215FCAAA0015A2B2 /* LaunchScreen.storyboard */; };
		45701BAB215FCAAA0015A2B2 /* AppKeyTests.swift in Sources */ = {isa = PBXBuildFile; fileRef = 45701BAA215FCAAA0015A2B2 /* AppKeyTests.swift */; };
		45701BBA215FD1840015A2B2 /* UIColorTheme.swift in Sources */ = {isa = PBXBuildFile; fileRef = 45701BB9215FD1840015A2B2 /* UIColorTheme.swift */; };
/* End PBXBuildFile section */

/* Begin PBXContainerItemProxy section */
		45701BA7215FCAAA0015A2B2 /* PBXContainerItemProxy */ = {
			isa = PBXContainerItemProxy;
			containerPortal = 45701B88215FCAA90015A2B2 /* Project object */;
			proxyType = 1;
			remoteGlobalIDString = 45701B8F215FCAA90015A2B2;
			remoteInfo = AppKey;
		};
/* End PBXContainerItemProxy section */

/* Begin PBXFileReference section */
		45701B90215FCAA90015A2B2 /* AppKey.app */ = {isa = PBXFileReference; explicitFileType = wrapper.application; includeInIndex = 0; path = AppKey.app; sourceTree = BUILT_PRODUCTS_DIR; };
		45701B93215FCAA90015A2B2 /* AppDelegate.swift */ = {isa = PBXFileReference; lastKnownFileType = sourcecode.swift; path = AppDelegate.swift; sourceTree = "<group>"; };
		45701B95215FCAA90015A2B2 /* MasterViewController.swift */ = {isa = PBXFileReference; lastKnownFileType = sourcecode.swift; path = MasterViewController.swift; sourceTree = "<group>"; };
		45701B97215FCAA90015A2B2 /* DetailViewController.swift */ = {isa = PBXFileReference; lastKnownFileType = sourcecode.swift; path = DetailViewController.swift; sourceTree = "<group>"; };
		45701B9A215FCAA90015A2B2 /* Base */ = {isa = PBXFileReference; lastKnownFileType = file.storyboard; name = Base; path = Base.lproj/Main.storyboard; sourceTree = "<group>"; };
		45701B9C215FCAAA0015A2B2 /* Assets.xcassets */ = {isa = PBXFileReference; lastKnownFileType = folder.assetcatalog; path = Assets.xcassets; sourceTree = "<group>"; };
		45701B9F215FCAAA0015A2B2 /* Base */ = {isa = PBXFileReference; lastKnownFileType = file.storyboard; name = Base; path = Base.lproj/LaunchScreen.storyboard; sourceTree = "<group>"; };
		45701BA1215FCAAA0015A2B2 /* Info.plist */ = {isa = PBXFileReference; lastKnownFileType = text.plist.xml; path = Info.plist; sourceTree = "<group>"; };
		45701BA6215FCAAA0015A2B2 /* AppKeyTests.xctest */ = {isa = PBXFileReference; explicitFileType = wrapper.cfbundle; includeInIndex = 0; path = AppKeyTests.xctest; sourceTree = BUILT_PRODUCTS_DIR; };
		45701BAA215FCAAA0015A2B2 /* AppKeyTests.swift */ = {isa = PBXFileReference; lastKnownFileType = sourcecode.swift; path = AppKeyTests.swift; sourceTree = "<group>"; };
		45701BAC215FCAAA0015A2B2 /* Info.plist */ = {isa = PBXFileReference; lastKnownFileType = text.plist.xml; path = Info.plist; sourceTree = "<group>"; };
		45701BB9215FD1840015A2B2 /* UIColorTheme.swift */ = {isa = PBXFileReference; lastKnownFileType = sourcecode.swift; path = UIColorTheme.swift; sourceTree = "<group>"; };
/* End PBXFileReference section */

/* Begin PBXFrameworksBuildPhase section */
		45701B8D215FCAA90015A2B2 /* Frameworks */ = {
			isa = PBXFrameworksBuildPhase;
			buildActionMask = 2147483647;
			files = (
			);
			runOnlyForDeploymentPostprocessing = 0;
		};
		45701BA3215FCAAA0015A2B2 /* Frameworks */ = {
			isa = PBXFrameworksBuildPhase;
			buildActionMask = 2147483647;
			files = (
			);
			runOnlyForDeploymentPostprocessing = 0;
		};
/* End PBXFrameworksBuildPhase section */

/* Begin PBXGroup section */
		45701B87215FCAA90015A2B2 = {
			isa = PBXGroup;
			children = (
				45701B92215FCAA90015A2B2 /* AppKey */,
				45701BA9215FCAAA0015A2B2 /* AppKeyTests */,
				45701B91215FCAA90015A2B2 /* Products */,
			);
			sourceTree = "<group>";
		};
		45701B91215FCAA90015A2B2 /* Products */ = {
			isa = PBXGroup;
			children = (
				45701B90215FCAA90015A2B2 /* AppKey.app */,
				45701BA6215FCAAA0015A2B2 /* AppKeyTests.xctest */,
			);
			name = Products;
			sourceTree = "<group>";
		};
		45701B92215FCAA90015A2B2 /* AppKey */ = {
			isa = PBXGroup;
			children = (
				45701BB6215FCFCE0015A2B2 /* Controllers */,
				45701BB5215FCFC80015A2B2 /* Models */,
				45701B93215FCAA90015A2B2 /* AppDelegate.swift */,
				45701B99215FCAA90015A2B2 /* Main.storyboard */,
				45701B9C215FCAAA0015A2B2 /* Assets.xcassets */,
				45701B9E215FCAAA0015A2B2 /* LaunchScreen.storyboard */,
				45701BA1215FCAAA0015A2B2 /* Info.plist */,
				45701BB9215FD1840015A2B2 /* UIColorTheme.swift */,
			);
			path = AppKey;
			sourceTree = "<group>";
		};
		45701BA9215FCAAA0015A2B2 /* AppKeyTests */ = {
			isa = PBXGroup;
			children = (
				45701BAA215FCAAA0015A2B2 /* AppKeyTests.swift */,
				45701BAC215FCAAA0015A2B2 /* Info.plist */,
			);
			path = AppKeyTests;
			sourceTree = "<group>";
		};
		45701BB5215FCFC80015A2B2 /* Models */ = {
			isa = PBXGroup;
			children = (
			);
			path = Models;
			sourceTree = "<group>";
		};
		45701BB6215FCFCE0015A2B2 /* Controllers */ = {
			isa = PBXGroup;
			children = (
				45701B95215FCAA90015A2B2 /* MasterViewController.swift */,
				45701B97215FCAA90015A2B2 /* DetailViewController.swift */,
			);
			path = Controllers;
			sourceTree = "<group>";
		};
/* End PBXGroup section */

/* Begin PBXNativeTarget section */
		45701B8F215FCAA90015A2B2 /* AppKey */ = {
			isa = PBXNativeTarget;
			buildConfigurationList = 45701BAF215FCAAA0015A2B2 /* Build configuration list for PBXNativeTarget "AppKey" */;
			buildPhases = (
				45701B8C215FCAA90015A2B2 /* Sources */,
				45701B8D215FCAA90015A2B2 /* Frameworks */,
				45701B8E215FCAA90015A2B2 /* Resources */,
			);
			buildRules = (
			);
			dependencies = (
			);
			name = AppKey;
			productName = AppKey;
			productReference = 45701B90215FCAA90015A2B2 /* AppKey.app */;
			productType = "com.apple.product-type.application";
		};
		45701BA5215FCAAA0015A2B2 /* AppKeyTests */ = {
			isa = PBXNativeTarget;
			buildConfigurationList = 45701BB2215FCAAA0015A2B2 /* Build configuration list for PBXNativeTarget "AppKeyTests" */;
			buildPhases = (
				45701BA2215FCAAA0015A2B2 /* Sources */,
				45701BA3215FCAAA0015A2B2 /* Frameworks */,
				45701BA4215FCAAA0015A2B2 /* Resources */,
			);
			buildRules = (
			);
			dependencies = (
				45701BA8215FCAAA0015A2B2 /* PBXTargetDependency */,
			);
			name = AppKeyTests;
			productName = AppKeyTests;
			productReference = 45701BA6215FCAAA0015A2B2 /* AppKeyTests.xctest */;
			productType = "com.apple.product-type.bundle.unit-test";
		};
/* End PBXNativeTarget section */

/* Begin PBXProject section */
		45701B88215FCAA90015A2B2 /* Project object */ = {
			isa = PBXProject;
			attributes = {
				LastSwiftUpdateCheck = 0940;
				LastUpgradeCheck = 0940;
				ORGANIZATIONNAME = GerardoCastillo;
				TargetAttributes = {
					45701B8F215FCAA90015A2B2 = {
						CreatedOnToolsVersion = 9.4.1;
					};
					45701BA5215FCAAA0015A2B2 = {
						CreatedOnToolsVersion = 9.4.1;
						TestTargetID = 45701B8F215FCAA90015A2B2;
					};
				};
			};
			buildConfigurationList = 45701B8B215FCAA90015A2B2 /* Build configuration list for PBXProject "AppKey" */;
			compatibilityVersion = "Xcode 9.3";
			developmentRegion = en;
			hasScannedForEncodings = 0;
			knownRegions = (
				en,
				Base,
			);
			mainGroup = 45701B87215FCAA90015A2B2;
			productRefGroup = 45701B91215FCAA90015A2B2 /* Products */;
			projectDirPath = "";
			projectRoot = "";
			targets = (
				45701B8F215FCAA90015A2B2 /* AppKey */,
				45701BA5215FCAAA0015A2B2 /* AppKeyTests */,
			);
		};
/* End PBXProject section */

/* Begin PBXResourcesBuildPhase section */
		45701B8E215FCAA90015A2B2 /* Resources */ = {
			isa = PBXResourcesBuildPhase;
			buildActionMask = 2147483647;
			files = (
				45701BA0215FCAAA0015A2B2 /* LaunchScreen.storyboard in Resources */,
				45701B9D215FCAAA0015A2B2 /* Assets.xcassets in Resources */,
				45701B9B215FCAA90015A2B2 /* Main.storyboard in Resources */,
			);
			runOnlyForDeploymentPostprocessing = 0;
		};
		45701BA4215FCAAA0015A2B2 /* Resources */ = {
			isa = PBXResourcesBuildPhase;
			buildActionMask = 2147483647;
			files = (
			);
			runOnlyForDeploymentPostprocessing = 0;
		};
/* End PBXResourcesBuildPhase section */

/* Begin PBXSourcesBuildPhase section */
		45701B8C215FCAA90015A2B2 /* Sources */ = {
			isa = PBXSourcesBuildPhase;
			buildActionMask = 2147483647;
			files = (
				45701B98215FCAA90015A2B2 /* DetailViewController.swift in Sources */,
				45701BBA215FD1840015A2B2 /* UIColorTheme.swift in Sources */,
				45701B96215FCAA90015A2B2 /* MasterViewController.swift in Sources */,
				45701B94215FCAA90015A2B2 /* AppDelegate.swift in Sources */,
			);
			runOnlyForDeploymentPostprocessing = 0;
		};
		45701BA2215FCAAA0015A2B2 /* Sources */ = {
			isa = PBXSourcesBuildPhase;
			buildActionMask = 2147483647;
			files = (
				45701BAB215FCAAA0015A2B2 /* AppKeyTests.swift in Sources */,
			);
			runOnlyForDeploymentPostprocessing = 0;
		};
/* End PBXSourcesBuildPhase section */

/* Begin PBXTargetDependency section */
		45701BA8215FCAAA0015A2B2 /* PBXTargetDependency */ = {
			isa = PBXTargetDependency;
			target = 45701B8F215FCAA90015A2B2 /* AppKey */;
			targetProxy = 45701BA7215FCAAA0015A2B2 /* PBXContainerItemProxy */;
		};
/* End PBXTargetDependency section */

/* Begin PBXVariantGroup section */
		45701B99215FCAA90015A2B2 /* Main.storyboard */ = {
			isa = PBXVariantGroup;
			children = (
				45701B9A215FCAA90015A2B2 /* Base */,
			);
			name = Main.storyboard;
			sourceTree = "<group>";
		};
		45701B9E215FCAAA0015A2B2 /* LaunchScreen.storyboard */ = {
			isa = PBXVariantGroup;
			children = (
				45701B9F215FCAAA0015A2B2 /* Base */,
			);
			name = LaunchScreen.storyboard;
			sourceTree = "<group>";
		};
/* End PBXVariantGroup section */

/* Begin XCBuildConfiguration section */
		45701BAD215FCAAA0015A2B2 /* Debug */ = {
			isa = XCBuildConfiguration;
			buildSettings = {
				ALWAYS_SEARCH_USER_PATHS = NO;
				CLANG_ANALYZER_NONNULL = YES;
				CLANG_ANALYZER_NUMBER_OBJECT_CONVERSION = YES_AGGRESSIVE;
				CLANG_CXX_LANGUAGE_STANDARD = "gnu++14";
				CLANG_CXX_LIBRARY = "libc++";
				CLANG_ENABLE_MODULES = YES;
				CLANG_ENABLE_OBJC_ARC = YES;
				CLANG_ENABLE_OBJC_WEAK = YES;
				CLANG_WARN_BLOCK_CAPTURE_AUTORELEASING = YES;
				CLANG_WARN_BOOL_CONVERSION = YES;
				CLANG_WARN_COMMA = YES;
				CLANG_WARN_CONSTANT_CONVERSION = YES;
				CLANG_WARN_DEPRECATED_OBJC_IMPLEMENTATIONS = YES;
				CLANG_WARN_DIRECT_OBJC_ISA_USAGE = YES_ERROR;
				CLANG_WARN_DOCUMENTATION_COMMENTS = YES;
				CLANG_WARN_EMPTY_BODY = YES;
				CLANG_WARN_ENUM_CONVERSION = YES;
				CLANG_WARN_INFINITE_RECURSION = YES;
				CLANG_WARN_INT_CONVERSION = YES;
				CLANG_WARN_NON_LITERAL_NULL_CONVERSION = YES;
				CLANG_WARN_OBJC_IMPLICIT_RETAIN_SELF = YES;
				CLANG_WARN_OBJC_LITERAL_CONVERSION = YES;
				CLANG_WARN_OBJC_ROOT_CLASS = YES_ERROR;
				CLANG_WARN_RANGE_LOOP_ANALYSIS = YES;
				CLANG_WARN_STRICT_PROTOTYPES = YES;
				CLANG_WARN_SUSPICIOUS_MOVE = YES;
				CLANG_WARN_UNGUARDED_AVAILABILITY = YES_AGGRESSIVE;
				CLANG_WARN_UNREACHABLE_CODE = YES;
				CLANG_WARN__DUPLICATE_METHOD_MATCH = YES;
				CODE_SIGN_IDENTITY = "iPhone Developer";
				COPY_PHASE_STRIP = NO;
				DEBUG_INFORMATION_FORMAT = dwarf;
				ENABLE_STRICT_OBJC_MSGSEND = YES;
				ENABLE_TESTABILITY = YES;
				GCC_C_LANGUAGE_STANDARD = gnu11;
				GCC_DYNAMIC_NO_PIC = NO;
				GCC_NO_COMMON_BLOCKS = YES;
				GCC_OPTIMIZATION_LEVEL = 0;
				GCC_PREPROCESSOR_DEFINITIONS = (
					"DEBUG=1",
					"$(inherited)",
				);
				GCC_WARN_64_TO_32_BIT_CONVERSION = YES;
				GCC_WARN_ABOUT_RETURN_TYPE = YES_ERROR;
				GCC_WARN_UNDECLARED_SELECTOR = YES;
				GCC_WARN_UNINITIALIZED_AUTOS = YES_AGGRESSIVE;
				GCC_WARN_UNUSED_FUNCTION = YES;
				GCC_WARN_UNUSED_VARIABLE = YES;
				IPHONEOS_DEPLOYMENT_TARGET = 11.4;
				MTL_ENABLE_DEBUG_INFO = YES;
				ONLY_ACTIVE_ARCH = YES;
				SDKROOT = iphoneos;
				SWIFT_ACTIVE_COMPILATION_CONDITIONS = DEBUG;
				SWIFT_OPTIMIZATION_LEVEL = "-Onone";
			};
			name = Debug;
		};
		45701BAE215FCAAA0015A2B2 /* Release */ = {
			isa = XCBuildConfiguration;
			buildSettings = {
				ALWAYS_SEARCH_USER_PATHS = NO;
				CLANG_ANALYZER_NONNULL = YES;
				CLANG_ANALYZER_NUMBER_OBJECT_CONVERSION = YES_AGGRESSIVE;
				CLANG_CXX_LANGUAGE_STANDARD = "gnu++14";
				CLANG_CXX_LIBRARY = "libc++";
				CLANG_ENABLE_MODULES = YES;
				CLANG_ENABLE_OBJC_ARC = YES;
				CLANG_ENABLE_OBJC_WEAK = YES;
				CLANG_WARN_BLOCK_CAPTURE_AUTORELEASING = YES;
				CLANG_WARN_BOOL_CONVERSION = YES;
				CLANG_WARN_COMMA = YES;
				CLANG_WARN_CONSTANT_CONVERSION = YES;
				CLANG_WARN_DEPRECATED_OBJC_IMPLEMENTATIONS = YES;
				CLANG_WARN_DIRECT_OBJC_ISA_USAGE = YES_ERROR;
				CLANG_WARN_DOCUMENTATION_COMMENTS = YES;
				CLANG_WARN_EMPTY_BODY = YES;
				CLANG_WARN_ENUM_CONVERSION = YES;
				CLANG_WARN_INFINITE_RECURSION = YES;
				CLANG_WARN_INT_CONVERSION = YES;
				CLANG_WARN_NON_LITERAL_NULL_CONVERSION = YES;
				CLANG_WARN_OBJC_IMPLICIT_RETAIN_SELF = YES;
				CLANG_WARN_OBJC_LITERAL_CONVERSION = YES;
				CLANG_WARN_OBJC_ROOT_CLASS = YES_ERROR;
				CLANG_WARN_RANGE_LOOP_ANALYSIS = YES;
				CLANG_WARN_STRICT_PROTOTYPES = YES;
				CLANG_WARN_SUSPICIOUS_MOVE = YES;
				CLANG_WARN_UNGUARDED_AVAILABILITY = YES_AGGRESSIVE;
				CLANG_WARN_UNREACHABLE_CODE = YES;
				CLANG_WARN__DUPLICATE_METHOD_MATCH = YES;
				CODE_SIGN_IDENTITY = "iPhone Developer";
				COPY_PHASE_STRIP = NO;
				DEBUG_INFORMATION_FORMAT = "dwarf-with-dsym";
				ENABLE_NS_ASSERTIONS = NO;
				ENABLE_STRICT_OBJC_MSGSEND = YES;
				GCC_C_LANGUAGE_STANDARD = gnu11;
				GCC_NO_COMMON_BLOCKS = YES;
				GCC_WARN_64_TO_32_BIT_CONVERSION = YES;
				GCC_WARN_ABOUT_RETURN_TYPE = YES_ERROR;
				GCC_WARN_UNDECLARED_SELECTOR = YES;
				GCC_WARN_UNINITIALIZED_AUTOS = YES_AGGRESSIVE;
				GCC_WARN_UNUSED_FUNCTION = YES;
				GCC_WARN_UNUSED_VARIABLE = YES;
				IPHONEOS_DEPLOYMENT_TARGET = 11.4;
				MTL_ENABLE_DEBUG_INFO = NO;
				SDKROOT = iphoneos;
				SWIFT_COMPILATION_MODE = wholemodule;
				SWIFT_OPTIMIZATION_LEVEL = "-O";
				VALIDATE_PRODUCT = YES;
			};
			name = Release;
		};
		45701BB0215FCAAA0015A2B2 /* Debug */ = {
			isa = XCBuildConfiguration;
			buildSettings = {
				ASSETCATALOG_COMPILER_APPICON_NAME = AppIcon;
				CODE_SIGN_STYLE = Automatic;
				DEVELOPMENT_TEAM = ZCU3LP7DMT;
				INFOPLIST_FILE = AppKey/Info.plist;
				LD_RUNPATH_SEARCH_PATHS = (
					"$(inherited)",
					"@executable_path/Frameworks",
				);
				PRODUCT_BUNDLE_IDENTIFIER = Unam.AppKey;
				PRODUCT_NAME = "$(TARGET_NAME)";
				SWIFT_VERSION = 4.0;
				TARGETED_DEVICE_FAMILY = "1,2";
			};
			name = Debug;
		};
		45701BB1215FCAAA0015A2B2 /* Release */ = {
			isa = XCBuildConfiguration;
			buildSettings = {
				ASSETCATALOG_COMPILER_APPICON_NAME = AppIcon;
				CODE_SIGN_STYLE = Automatic;
				DEVELOPMENT_TEAM = ZCU3LP7DMT;
				INFOPLIST_FILE = AppKey/Info.plist;
				LD_RUNPATH_SEARCH_PATHS = (
					"$(inherited)",
					"@executable_path/Frameworks",
				);
				PRODUCT_BUNDLE_IDENTIFIER = Unam.AppKey;
				PRODUCT_NAME = "$(TARGET_NAME)";
				SWIFT_VERSION = 4.0;
				TARGETED_DEVICE_FAMILY = "1,2";
			};
			name = Release;
		};
		45701BB3215FCAAA0015A2B2 /* Debug */ = {
			isa = XCBuildConfiguration;
			buildSettings = {
				ALWAYS_EMBED_SWIFT_STANDARD_LIBRARIES = YES;
				BUNDLE_LOADER = "$(TEST_HOST)";
				CODE_SIGN_STYLE = Automatic;
				DEVELOPMENT_TEAM = ZCU3LP7DMT;
				INFOPLIST_FILE = AppKeyTests/Info.plist;
				LD_RUNPATH_SEARCH_PATHS = (
					"$(inherited)",
					"@executable_path/Frameworks",
					"@loader_path/Frameworks",
				);
				PRODUCT_BUNDLE_IDENTIFIER = Unam.AppKeyTests;
				PRODUCT_NAME = "$(TARGET_NAME)";
				SWIFT_VERSION = 4.0;
				TARGETED_DEVICE_FAMILY = "1,2";
				TEST_HOST = "$(BUILT_PRODUCTS_DIR)/AppKey.app/AppKey";
			};
			name = Debug;
		};
		45701BB4215FCAAA0015A2B2 /* Release */ = {
			isa = XCBuildConfiguration;
			buildSettings = {
				ALWAYS_EMBED_SWIFT_STANDARD_LIBRARIES = YES;
				BUNDLE_LOADER = "$(TEST_HOST)";
				CODE_SIGN_STYLE = Automatic;
				DEVELOPMENT_TEAM = ZCU3LP7DMT;
				INFOPLIST_FILE = AppKeyTests/Info.plist;
				LD_RUNPATH_SEARCH_PATHS = (
					"$(inherited)",
					"@executable_path/Frameworks",
					"@loader_path/Frameworks",
				);
				PRODUCT_BUNDLE_IDENTIFIER = Unam.AppKeyTests;
				PRODUCT_NAME = "$(TARGET_NAME)";
				SWIFT_VERSION = 4.0;
				TARGETED_DEVICE_FAMILY = "1,2";
				TEST_HOST = "$(BUILT_PRODUCTS_DIR)/AppKey.app/AppKey";
			};
			name = Release;
		};
/* End XCBuildConfiguration section */

/* Begin XCConfigurationList section */
		45701B8B215FCAA90015A2B2 /* Build configuration list for PBXProject "AppKey" */ = {
			isa = XCConfigurationList;
			buildConfigurations = (
				45701BAD215FCAAA0015A2B2 /* Debug */,
				45701BAE215FCAAA0015A2B2 /* Release */,
			);
			defaultConfigurationIsVisible = 0;
			defaultConfigurationName = Release;
		};
		45701BAF215FCAAA0015A2B2 /* Build configuration list for PBXNativeTarget "AppKey" */ = {
			isa = XCConfigurationList;
			buildConfigurations = (
				45701BB0215FCAAA0015A2B2 /* Debug */,
				45701BB1215FCAAA0015A2B2 /* Release */,
			);
			defaultConfigurationIsVisible = 0;
			defaultConfigurationName = Release;
		};
		45701BB2215FCAAA0015A2B2 /* Build configuration list for PBXNativeTarget "AppKeyTests" */ = {
			isa = XCConfigurationList;
			buildConfigurations = (
				45701BB3215FCAAA0015A2B2 /* Debug */,
				45701BB4215FCAAA0015A2B2 /* Release */,
			);
			defaultConfigurationIsVisible = 0;
			defaultConfigurationName = Release;
		};
/* End XCConfigurationList section */
	};
	rootObject = 45701B88215FCAA90015A2B2 /* Project object */;
}
