// !$*UTF8*$!
{
	archiveVersion = 1;
	classes = {
	};
	objectVersion = 50;
	objects = {

/* Begin PBXBuildFile section */
		4514E7932130E14A00040F7E /* AppDelegate.swift in Sources */ = {isa = PBXBuildFile; fileRef = 4514E7922130E14A00040F7E /* AppDelegate.swift */; };
		4514E7952130E14A00040F7E /* ViewController.swift in Sources */ = {isa = PBXBuildFile; fileRef = 4514E7942130E14A00040F7E /* ViewController.swift */; };
		4514E7982130E14A00040F7E /* Main.storyboard in Resources */ = {isa = PBXBuildFile; fileRef = 4514E7962130E14A00040F7E /* Main.storyboard */; };
		4514E79A2130E14B00040F7E /* Assets.xcassets in Resources */ = {isa = PBXBuildFile; fileRef = 4514E7992130E14B00040F7E /* Assets.xcassets */; };
		4514E79D2130E14B00040F7E /* LaunchScreen.storyboard in Resources */ = {isa = PBXBuildFile; fileRef = 4514E79B2130E14B00040F7E /* LaunchScreen.storyboard */; };
		4514E7A82130E14C00040F7E /* Log_In__Ejercicio_Tests.swift in Sources */ = {isa = PBXBuildFile; fileRef = 4514E7A72130E14C00040F7E /* Log_In__Ejercicio_Tests.swift */; };
		4514E7B32130E14C00040F7E /* Log_In__Ejercicio_UITests.swift in Sources */ = {isa = PBXBuildFile; fileRef = 4514E7B22130E14C00040F7E /* Log_In__Ejercicio_UITests.swift */; };
/* End PBXBuildFile section */

/* Begin PBXContainerItemProxy section */
		4514E7A42130E14C00040F7E /* PBXContainerItemProxy */ = {
			isa = PBXContainerItemProxy;
			containerPortal = 4514E7872130E14A00040F7E /* Project object */;
			proxyType = 1;
			remoteGlobalIDString = 4514E78E2130E14A00040F7E;
			remoteInfo = "Log-In (Ejercicio)";
		};
		4514E7AF2130E14C00040F7E /* PBXContainerItemProxy */ = {
			isa = PBXContainerItemProxy;
			containerPortal = 4514E7872130E14A00040F7E /* Project object */;
			proxyType = 1;
			remoteGlobalIDString = 4514E78E2130E14A00040F7E;
			remoteInfo = "Log-In (Ejercicio)";
		};
/* End PBXContainerItemProxy section */

/* Begin PBXFileReference section */
		4514E78F2130E14A00040F7E /* Log-In (Ejercicio).app */ = {isa = PBXFileReference; explicitFileType = wrapper.application; includeInIndex = 0; path = "Log-In (Ejercicio).app"; sourceTree = BUILT_PRODUCTS_DIR; };
		4514E7922130E14A00040F7E /* AppDelegate.swift */ = {isa = PBXFileReference; lastKnownFileType = sourcecode.swift; path = AppDelegate.swift; sourceTree = "<group>"; };
		4514E7942130E14A00040F7E /* ViewController.swift */ = {isa = PBXFileReference; lastKnownFileType = sourcecode.swift; path = ViewController.swift; sourceTree = "<group>"; };
		4514E7972130E14A00040F7E /* Base */ = {isa = PBXFileReference; lastKnownFileType = file.storyboard; name = Base; path = Base.lproj/Main.storyboard; sourceTree = "<group>"; };
		4514E7992130E14B00040F7E /* Assets.xcassets */ = {isa = PBXFileReference; lastKnownFileType = folder.assetcatalog; path = Assets.xcassets; sourceTree = "<group>"; };
		4514E79C2130E14B00040F7E /* Base */ = {isa = PBXFileReference; lastKnownFileType = file.storyboard; name = Base; path = Base.lproj/LaunchScreen.storyboard; sourceTree = "<group>"; };
		4514E79E2130E14B00040F7E /* Info.plist */ = {isa = PBXFileReference; lastKnownFileType = text.plist.xml; path = Info.plist; sourceTree = "<group>"; };
		4514E7A32130E14C00040F7E /* Log-In (Ejercicio)Tests.xctest */ = {isa = PBXFileReference; explicitFileType = wrapper.cfbundle; includeInIndex = 0; path = "Log-In (Ejercicio)Tests.xctest"; sourceTree = BUILT_PRODUCTS_DIR; };
		4514E7A72130E14C00040F7E /* Log_In__Ejercicio_Tests.swift */ = {isa = PBXFileReference; lastKnownFileType = sourcecode.swift; path = Log_In__Ejercicio_Tests.swift; sourceTree = "<group>"; };
		4514E7A92130E14C00040F7E /* Info.plist */ = {isa = PBXFileReference; lastKnownFileType = text.plist.xml; path = Info.plist; sourceTree = "<group>"; };
		4514E7AE2130E14C00040F7E /* Log-In (Ejercicio)UITests.xctest */ = {isa = PBXFileReference; explicitFileType = wrapper.cfbundle; includeInIndex = 0; path = "Log-In (Ejercicio)UITests.xctest"; sourceTree = BUILT_PRODUCTS_DIR; };
		4514E7B22130E14C00040F7E /* Log_In__Ejercicio_UITests.swift */ = {isa = PBXFileReference; lastKnownFileType = sourcecode.swift; path = Log_In__Ejercicio_UITests.swift; sourceTree = "<group>"; };
		4514E7B42130E14C00040F7E /* Info.plist */ = {isa = PBXFileReference; lastKnownFileType = text.plist.xml; path = Info.plist; sourceTree = "<group>"; };
/* End PBXFileReference section */

/* Begin PBXFrameworksBuildPhase section */
		4514E78C2130E14A00040F7E /* Frameworks */ = {
			isa = PBXFrameworksBuildPhase;
			buildActionMask = 2147483647;
			files = (
			);
			runOnlyForDeploymentPostprocessing = 0;
		};
		4514E7A02130E14C00040F7E /* Frameworks */ = {
			isa = PBXFrameworksBuildPhase;
			buildActionMask = 2147483647;
			files = (
			);
			runOnlyForDeploymentPostprocessing = 0;
		};
		4514E7AB2130E14C00040F7E /* Frameworks */ = {
			isa = PBXFrameworksBuildPhase;
			buildActionMask = 2147483647;
			files = (
			);
			runOnlyForDeploymentPostprocessing = 0;
		};
/* End PBXFrameworksBuildPhase section */

/* Begin PBXGroup section */
		4514E7862130E14A00040F7E = {
			isa = PBXGroup;
			children = (
				4514E7912130E14A00040F7E /* Log-In (Ejercicio) */,
				4514E7A62130E14C00040F7E /* Log-In (Ejercicio)Tests */,
				4514E7B12130E14C00040F7E /* Log-In (Ejercicio)UITests */,
				4514E7902130E14A00040F7E /* Products */,
			);
			sourceTree = "<group>";
		};
		4514E7902130E14A00040F7E /* Products */ = {
			isa = PBXGroup;
			children = (
				4514E78F2130E14A00040F7E /* Log-In (Ejercicio).app */,
				4514E7A32130E14C00040F7E /* Log-In (Ejercicio)Tests.xctest */,
				4514E7AE2130E14C00040F7E /* Log-In (Ejercicio)UITests.xctest */,
			);
			name = Products;
			sourceTree = "<group>";
		};
		4514E7912130E14A00040F7E /* Log-In (Ejercicio) */ = {
			isa = PBXGroup;
			children = (
				4514E7922130E14A00040F7E /* AppDelegate.swift */,
				4514E7942130E14A00040F7E /* ViewController.swift */,
				4514E7962130E14A00040F7E /* Main.storyboard */,
				4514E7992130E14B00040F7E /* Assets.xcassets */,
				4514E79B2130E14B00040F7E /* LaunchScreen.storyboard */,
				4514E79E2130E14B00040F7E /* Info.plist */,
			);
			path = "Log-In (Ejercicio)";
			sourceTree = "<group>";
		};
		4514E7A62130E14C00040F7E /* Log-In (Ejercicio)Tests */ = {
			isa = PBXGroup;
			children = (
				4514E7A72130E14C00040F7E /* Log_In__Ejercicio_Tests.swift */,
				4514E7A92130E14C00040F7E /* Info.plist */,
			);
			path = "Log-In (Ejercicio)Tests";
			sourceTree = "<group>";
		};
		4514E7B12130E14C00040F7E /* Log-In (Ejercicio)UITests */ = {
			isa = PBXGroup;
			children = (
				4514E7B22130E14C00040F7E /* Log_In__Ejercicio_UITests.swift */,
				4514E7B42130E14C00040F7E /* Info.plist */,
			);
			path = "Log-In (Ejercicio)UITests";
			sourceTree = "<group>";
		};
/* End PBXGroup section */

/* Begin PBXNativeTarget section */
		4514E78E2130E14A00040F7E /* Log-In (Ejercicio) */ = {
			isa = PBXNativeTarget;
			buildConfigurationList = 4514E7B72130E14C00040F7E /* Build configuration list for PBXNativeTarget "Log-In (Ejercicio)" */;
			buildPhases = (
				4514E78B2130E14A00040F7E /* Sources */,
				4514E78C2130E14A00040F7E /* Frameworks */,
				4514E78D2130E14A00040F7E /* Resources */,
			);
			buildRules = (
			);
			dependencies = (
			);
			name = "Log-In (Ejercicio)";
			productName = "Log-In (Ejercicio)";
			productReference = 4514E78F2130E14A00040F7E /* Log-In (Ejercicio).app */;
			productType = "com.apple.product-type.application";
		};
		4514E7A22130E14C00040F7E /* Log-In (Ejercicio)Tests */ = {
			isa = PBXNativeTarget;
			buildConfigurationList = 4514E7BA2130E14C00040F7E /* Build configuration list for PBXNativeTarget "Log-In (Ejercicio)Tests" */;
			buildPhases = (
				4514E79F2130E14C00040F7E /* Sources */,
				4514E7A02130E14C00040F7E /* Frameworks */,
				4514E7A12130E14C00040F7E /* Resources */,
			);
			buildRules = (
			);
			dependencies = (
				4514E7A52130E14C00040F7E /* PBXTargetDependency */,
			);
			name = "Log-In (Ejercicio)Tests";
			productName = "Log-In (Ejercicio)Tests";
			productReference = 4514E7A32130E14C00040F7E /* Log-In (Ejercicio)Tests.xctest */;
			productType = "com.apple.product-type.bundle.unit-test";
		};
		4514E7AD2130E14C00040F7E /* Log-In (Ejercicio)UITests */ = {
			isa = PBXNativeTarget;
			buildConfigurationList = 4514E7BD2130E14C00040F7E /* Build configuration list for PBXNativeTarget "Log-In (Ejercicio)UITests" */;
			buildPhases = (
				4514E7AA2130E14C00040F7E /* Sources */,
				4514E7AB2130E14C00040F7E /* Frameworks */,
				4514E7AC2130E14C00040F7E /* Resources */,
			);
			buildRules = (
			);
			dependencies = (
				4514E7B02130E14C00040F7E /* PBXTargetDependency */,
			);
			name = "Log-In (Ejercicio)UITests";
			productName = "Log-In (Ejercicio)UITests";
			productReference = 4514E7AE2130E14C00040F7E /* Log-In (Ejercicio)UITests.xctest */;
			productType = "com.apple.product-type.bundle.ui-testing";
		};
/* End PBXNativeTarget section */

/* Begin PBXProject section */
		4514E7872130E14A00040F7E /* Project object */ = {
			isa = PBXProject;
			attributes = {
				LastSwiftUpdateCheck = 0940;
				LastUpgradeCheck = 0940;
				ORGANIZATIONNAME = GerardoCastillo;
				TargetAttributes = {
					4514E78E2130E14A00040F7E = {
						CreatedOnToolsVersion = 9.4.1;
					};
					4514E7A22130E14C00040F7E = {
						CreatedOnToolsVersion = 9.4.1;
						TestTargetID = 4514E78E2130E14A00040F7E;
					};
					4514E7AD2130E14C00040F7E = {
						CreatedOnToolsVersion = 9.4.1;
						TestTargetID = 4514E78E2130E14A00040F7E;
					};
				};
			};
			buildConfigurationList = 4514E78A2130E14A00040F7E /* Build configuration list for PBXProject "Log-In (Ejercicio)" */;
			compatibilityVersion = "Xcode 9.3";
			developmentRegion = en;
			hasScannedForEncodings = 0;
			knownRegions = (
				en,
				Base,
			);
			mainGroup = 4514E7862130E14A00040F7E;
			productRefGroup = 4514E7902130E14A00040F7E /* Products */;
			projectDirPath = "";
			projectRoot = "";
			targets = (
				4514E78E2130E14A00040F7E /* Log-In (Ejercicio) */,
				4514E7A22130E14C00040F7E /* Log-In (Ejercicio)Tests */,
				4514E7AD2130E14C00040F7E /* Log-In (Ejercicio)UITests */,
			);
		};
/* End PBXProject section */

/* Begin PBXResourcesBuildPhase section */
		4514E78D2130E14A00040F7E /* Resources */ = {
			isa = PBXResourcesBuildPhase;
			buildActionMask = 2147483647;
			files = (
				4514E79D2130E14B00040F7E /* LaunchScreen.storyboard in Resources */,
				4514E79A2130E14B00040F7E /* Assets.xcassets in Resources */,
				4514E7982130E14A00040F7E /* Main.storyboard in Resources */,
			);
			runOnlyForDeploymentPostprocessing = 0;
		};
		4514E7A12130E14C00040F7E /* Resources */ = {
			isa = PBXResourcesBuildPhase;
			buildActionMask = 2147483647;
			files = (
			);
			runOnlyForDeploymentPostprocessing = 0;
		};
		4514E7AC2130E14C00040F7E /* Resources */ = {
			isa = PBXResourcesBuildPhase;
			buildActionMask = 2147483647;
			files = (
			);
			runOnlyForDeploymentPostprocessing = 0;
		};
/* End PBXResourcesBuildPhase section */

/* Begin PBXSourcesBuildPhase section */
		4514E78B2130E14A00040F7E /* Sources */ = {
			isa = PBXSourcesBuildPhase;
			buildActionMask = 2147483647;
			files = (
				4514E7952130E14A00040F7E /* ViewController.swift in Sources */,
				4514E7932130E14A00040F7E /* AppDelegate.swift in Sources */,
			);
			runOnlyForDeploymentPostprocessing = 0;
		};
		4514E79F2130E14C00040F7E /* Sources */ = {
			isa = PBXSourcesBuildPhase;
			buildActionMask = 2147483647;
			files = (
				4514E7A82130E14C00040F7E /* Log_In__Ejercicio_Tests.swift in Sources */,
			);
			runOnlyForDeploymentPostprocessing = 0;
		};
		4514E7AA2130E14C00040F7E /* Sources */ = {
			isa = PBXSourcesBuildPhase;
			buildActionMask = 2147483647;
			files = (
				4514E7B32130E14C00040F7E /* Log_In__Ejercicio_UITests.swift in Sources */,
			);
			runOnlyForDeploymentPostprocessing = 0;
		};
/* End PBXSourcesBuildPhase section */

/* Begin PBXTargetDependency section */
		4514E7A52130E14C00040F7E /* PBXTargetDependency */ = {
			isa = PBXTargetDependency;
			target = 4514E78E2130E14A00040F7E /* Log-In (Ejercicio) */;
			targetProxy = 4514E7A42130E14C00040F7E /* PBXContainerItemProxy */;
		};
		4514E7B02130E14C00040F7E /* PBXTargetDependency */ = {
			isa = PBXTargetDependency;
			target = 4514E78E2130E14A00040F7E /* Log-In (Ejercicio) */;
			targetProxy = 4514E7AF2130E14C00040F7E /* PBXContainerItemProxy */;
		};
/* End PBXTargetDependency section */

/* Begin PBXVariantGroup section */
		4514E7962130E14A00040F7E /* Main.storyboard */ = {
			isa = PBXVariantGroup;
			children = (
				4514E7972130E14A00040F7E /* Base */,
			);
			name = Main.storyboard;
			sourceTree = "<group>";
		};
		4514E79B2130E14B00040F7E /* LaunchScreen.storyboard */ = {
			isa = PBXVariantGroup;
			children = (
				4514E79C2130E14B00040F7E /* Base */,
			);
			name = LaunchScreen.storyboard;
			sourceTree = "<group>";
		};
/* End PBXVariantGroup section */

/* Begin XCBuildConfiguration section */
		4514E7B52130E14C00040F7E /* Debug */ = {
			isa = XCBuildConfiguration;
			buildSettings = {
				ALWAYS_SEARCH_USER_PATHS = NO;
				CLANG_ANALYZER_NONNULL = YES;
				CLANG_ANALYZER_NUMBER_OBJECT_CONVERSION = YES_AGGRESSIVE;
				CLANG_CXX_LANGUAGE_STANDARD = "gnu++14";
				CLANG_CXX_LIBRARY = "libc++";
				CLANG_ENABLE_MODULES = YES;
				CLANG_ENABLE_OBJC_ARC = YES;
				CLANG_ENABLE_OBJC_WEAK = YES;
				CLANG_WARN_BLOCK_CAPTURE_AUTORELEASING = YES;
				CLANG_WARN_BOOL_CONVERSION = YES;
				CLANG_WARN_COMMA = YES;
				CLANG_WARN_CONSTANT_CONVERSION = YES;
				CLANG_WARN_DEPRECATED_OBJC_IMPLEMENTATIONS = YES;
				CLANG_WARN_DIRECT_OBJC_ISA_USAGE = YES_ERROR;
				CLANG_WARN_DOCUMENTATION_COMMENTS = YES;
				CLANG_WARN_EMPTY_BODY = YES;
				CLANG_WARN_ENUM_CONVERSION = YES;
				CLANG_WARN_INFINITE_RECURSION = YES;
				CLANG_WARN_INT_CONVERSION = YES;
				CLANG_WARN_NON_LITERAL_NULL_CONVERSION = YES;
				CLANG_WARN_OBJC_IMPLICIT_RETAIN_SELF = YES;
				CLANG_WARN_OBJC_LITERAL_CONVERSION = YES;
				CLANG_WARN_OBJC_ROOT_CLASS = YES_ERROR;
				CLANG_WARN_RANGE_LOOP_ANALYSIS = YES;
				CLANG_WARN_STRICT_PROTOTYPES = YES;
				CLANG_WARN_SUSPICIOUS_MOVE = YES;
				CLANG_WARN_UNGUARDED_AVAILABILITY = YES_AGGRESSIVE;
				CLANG_WARN_UNREACHABLE_CODE = YES;
				CLANG_WARN__DUPLICATE_METHOD_MATCH = YES;
				CODE_SIGN_IDENTITY = "iPhone Developer";
				COPY_PHASE_STRIP = NO;
				DEBUG_INFORMATION_FORMAT = dwarf;
				ENABLE_STRICT_OBJC_MSGSEND = YES;
				ENABLE_TESTABILITY = YES;
				GCC_C_LANGUAGE_STANDARD = gnu11;
				GCC_DYNAMIC_NO_PIC = NO;
				GCC_NO_COMMON_BLOCKS = YES;
				GCC_OPTIMIZATION_LEVEL = 0;
				GCC_PREPROCESSOR_DEFINITIONS = (
					"DEBUG=1",
					"$(inherited)",
				);
				GCC_WARN_64_TO_32_BIT_CONVERSION = YES;
				GCC_WARN_ABOUT_RETURN_TYPE = YES_ERROR;
				GCC_WARN_UNDECLARED_SELECTOR = YES;
				GCC_WARN_UNINITIALIZED_AUTOS = YES_AGGRESSIVE;
				GCC_WARN_UNUSED_FUNCTION = YES;
				GCC_WARN_UNUSED_VARIABLE = YES;
				IPHONEOS_DEPLOYMENT_TARGET = 11.4;
				MTL_ENABLE_DEBUG_INFO = YES;
				ONLY_ACTIVE_ARCH = YES;
				SDKROOT = iphoneos;
				SWIFT_ACTIVE_COMPILATION_CONDITIONS = DEBUG;
				SWIFT_OPTIMIZATION_LEVEL = "-Onone";
			};
			name = Debug;
		};
		4514E7B62130E14C00040F7E /* Release */ = {
			isa = XCBuildConfiguration;
			buildSettings = {
				ALWAYS_SEARCH_USER_PATHS = NO;
				CLANG_ANALYZER_NONNULL = YES;
				CLANG_ANALYZER_NUMBER_OBJECT_CONVERSION = YES_AGGRESSIVE;
				CLANG_CXX_LANGUAGE_STANDARD = "gnu++14";
				CLANG_CXX_LIBRARY = "libc++";
				CLANG_ENABLE_MODULES = YES;
				CLANG_ENABLE_OBJC_ARC = YES;
				CLANG_ENABLE_OBJC_WEAK = YES;
				CLANG_WARN_BLOCK_CAPTURE_AUTORELEASING = YES;
				CLANG_WARN_BOOL_CONVERSION = YES;
				CLANG_WARN_COMMA = YES;
				CLANG_WARN_CONSTANT_CONVERSION = YES;
				CLANG_WARN_DEPRECATED_OBJC_IMPLEMENTATIONS = YES;
				CLANG_WARN_DIRECT_OBJC_ISA_USAGE = YES_ERROR;
				CLANG_WARN_DOCUMENTATION_COMMENTS = YES;
				CLANG_WARN_EMPTY_BODY = YES;
				CLANG_WARN_ENUM_CONVERSION = YES;
				CLANG_WARN_INFINITE_RECURSION = YES;
				CLANG_WARN_INT_CONVERSION = YES;
				CLANG_WARN_NON_LITERAL_NULL_CONVERSION = YES;
				CLANG_WARN_OBJC_IMPLICIT_RETAIN_SELF = YES;
				CLANG_WARN_OBJC_LITERAL_CONVERSION = YES;
				CLANG_WARN_OBJC_ROOT_CLASS = YES_ERROR;
				CLANG_WARN_RANGE_LOOP_ANALYSIS = YES;
				CLANG_WARN_STRICT_PROTOTYPES = YES;
				CLANG_WARN_SUSPICIOUS_MOVE = YES;
				CLANG_WARN_UNGUARDED_AVAILABILITY = YES_AGGRESSIVE;
				CLANG_WARN_UNREACHABLE_CODE = YES;
				CLANG_WARN__DUPLICATE_METHOD_MATCH = YES;
				CODE_SIGN_IDENTITY = "iPhone Developer";
				COPY_PHASE_STRIP = NO;
				DEBUG_INFORMATION_FORMAT = "dwarf-with-dsym";
				ENABLE_NS_ASSERTIONS = NO;
				ENABLE_STRICT_OBJC_MSGSEND = YES;
				GCC_C_LANGUAGE_STANDARD = gnu11;
				GCC_NO_COMMON_BLOCKS = YES;
				GCC_WARN_64_TO_32_BIT_CONVERSION = YES;
				GCC_WARN_ABOUT_RETURN_TYPE = YES_ERROR;
				GCC_WARN_UNDECLARED_SELECTOR = YES;
				GCC_WARN_UNINITIALIZED_AUTOS = YES_AGGRESSIVE;
				GCC_WARN_UNUSED_FUNCTION = YES;
				GCC_WARN_UNUSED_VARIABLE = YES;
				IPHONEOS_DEPLOYMENT_TARGET = 11.4;
				MTL_ENABLE_DEBUG_INFO = NO;
				SDKROOT = iphoneos;
				SWIFT_COMPILATION_MODE = wholemodule;
				SWIFT_OPTIMIZATION_LEVEL = "-O";
				VALIDATE_PRODUCT = YES;
			};
			name = Release;
		};
		4514E7B82130E14C00040F7E /* Debug */ = {
			isa = XCBuildConfiguration;
			buildSettings = {
				ASSETCATALOG_COMPILER_APPICON_NAME = AppIcon;
				CODE_SIGN_STYLE = Automatic;
				DEVELOPMENT_TEAM = ZCU3LP7DMT;
				INFOPLIST_FILE = "Log-In (Ejercicio)/Info.plist";
				LD_RUNPATH_SEARCH_PATHS = (
					"$(inherited)",
					"@executable_path/Frameworks",
				);
				PRODUCT_BUNDLE_IDENTIFIER = "Unam.Log-In--Ejercicio-";
				PRODUCT_NAME = "$(TARGET_NAME)";
				SWIFT_VERSION = 4.0;
				TARGETED_DEVICE_FAMILY = "1,2";
			};
			name = Debug;
		};
		4514E7B92130E14C00040F7E /* Release */ = {
			isa = XCBuildConfiguration;
			buildSettings = {
				ASSETCATALOG_COMPILER_APPICON_NAME = AppIcon;
				CODE_SIGN_STYLE = Automatic;
				DEVELOPMENT_TEAM = ZCU3LP7DMT;
				INFOPLIST_FILE = "Log-In (Ejercicio)/Info.plist";
				LD_RUNPATH_SEARCH_PATHS = (
					"$(inherited)",
					"@executable_path/Frameworks",
				);
				PRODUCT_BUNDLE_IDENTIFIER = "Unam.Log-In--Ejercicio-";
				PRODUCT_NAME = "$(TARGET_NAME)";
				SWIFT_VERSION = 4.0;
				TARGETED_DEVICE_FAMILY = "1,2";
			};
			name = Release;
		};
		4514E7BB2130E14C00040F7E /* Debug */ = {
			isa = XCBuildConfiguration;
			buildSettings = {
				ALWAYS_EMBED_SWIFT_STANDARD_LIBRARIES = YES;
				BUNDLE_LOADER = "$(TEST_HOST)";
				CODE_SIGN_STYLE = Automatic;
				DEVELOPMENT_TEAM = ZCU3LP7DMT;
				INFOPLIST_FILE = "Log-In (Ejercicio)Tests/Info.plist";
				LD_RUNPATH_SEARCH_PATHS = (
					"$(inherited)",
					"@executable_path/Frameworks",
					"@loader_path/Frameworks",
				);
				PRODUCT_BUNDLE_IDENTIFIER = "Unam.Log-In--Ejercicio-Tests";
				PRODUCT_NAME = "$(TARGET_NAME)";
				SWIFT_VERSION = 4.0;
				TARGETED_DEVICE_FAMILY = "1,2";
				TEST_HOST = "$(BUILT_PRODUCTS_DIR)/Log-In (Ejercicio).app/Log-In (Ejercicio)";
			};
			name = Debug;
		};
		4514E7BC2130E14C00040F7E /* Release */ = {
			isa = XCBuildConfiguration;
			buildSettings = {
				ALWAYS_EMBED_SWIFT_STANDARD_LIBRARIES = YES;
				BUNDLE_LOADER = "$(TEST_HOST)";
				CODE_SIGN_STYLE = Automatic;
				DEVELOPMENT_TEAM = ZCU3LP7DMT;
				INFOPLIST_FILE = "Log-In (Ejercicio)Tests/Info.plist";
				LD_RUNPATH_SEARCH_PATHS = (
					"$(inherited)",
					"@executable_path/Frameworks",
					"@loader_path/Frameworks",
				);
				PRODUCT_BUNDLE_IDENTIFIER = "Unam.Log-In--Ejercicio-Tests";
				PRODUCT_NAME = "$(TARGET_NAME)";
				SWIFT_VERSION = 4.0;
				TARGETED_DEVICE_FAMILY = "1,2";
				TEST_HOST = "$(BUILT_PRODUCTS_DIR)/Log-In (Ejercicio).app/Log-In (Ejercicio)";
			};
			name = Release;
		};
		4514E7BE2130E14C00040F7E /* Debug */ = {
			isa = XCBuildConfiguration;
			buildSettings = {
				ALWAYS_EMBED_SWIFT_STANDARD_LIBRARIES = YES;
				CODE_SIGN_STYLE = Automatic;
				DEVELOPMENT_TEAM = ZCU3LP7DMT;
				INFOPLIST_FILE = "Log-In (Ejercicio)UITests/Info.plist";
				LD_RUNPATH_SEARCH_PATHS = (
					"$(inherited)",
					"@executable_path/Frameworks",
					"@loader_path/Frameworks",
				);
				PRODUCT_BUNDLE_IDENTIFIER = "Unam.Log-In--Ejercicio-UITests";
				PRODUCT_NAME = "$(TARGET_NAME)";
				SWIFT_VERSION = 4.0;
				TARGETED_DEVICE_FAMILY = "1,2";
				TEST_TARGET_NAME = "Log-In (Ejercicio)";
			};
			name = Debug;
		};
		4514E7BF2130E14C00040F7E /* Release */ = {
			isa = XCBuildConfiguration;
			buildSettings = {
				ALWAYS_EMBED_SWIFT_STANDARD_LIBRARIES = YES;
				CODE_SIGN_STYLE = Automatic;
				DEVELOPMENT_TEAM = ZCU3LP7DMT;
				INFOPLIST_FILE = "Log-In (Ejercicio)UITests/Info.plist";
				LD_RUNPATH_SEARCH_PATHS = (
					"$(inherited)",
					"@executable_path/Frameworks",
					"@loader_path/Frameworks",
				);
				PRODUCT_BUNDLE_IDENTIFIER = "Unam.Log-In--Ejercicio-UITests";
				PRODUCT_NAME = "$(TARGET_NAME)";
				SWIFT_VERSION = 4.0;
				TARGETED_DEVICE_FAMILY = "1,2";
				TEST_TARGET_NAME = "Log-In (Ejercicio)";
			};
			name = Release;
		};
/* End XCBuildConfiguration section */

/* Begin XCConfigurationList section */
		4514E78A2130E14A00040F7E /* Build configuration list for PBXProject "Log-In (Ejercicio)" */ = {
			isa = XCConfigurationList;
			buildConfigurations = (
				4514E7B52130E14C00040F7E /* Debug */,
				4514E7B62130E14C00040F7E /* Release */,
			);
			defaultConfigurationIsVisible = 0;
			defaultConfigurationName = Release;
		};
		4514E7B72130E14C00040F7E /* Build configuration list for PBXNativeTarget "Log-In (Ejercicio)" */ = {
			isa = XCConfigurationList;
			buildConfigurations = (
				4514E7B82130E14C00040F7E /* Debug */,
				4514E7B92130E14C00040F7E /* Release */,
			);
			defaultConfigurationIsVisible = 0;
			defaultConfigurationName = Release;
		};
		4514E7BA2130E14C00040F7E /* Build configuration list for PBXNativeTarget "Log-In (Ejercicio)Tests" */ = {
			isa = XCConfigurationList;
			buildConfigurations = (
				4514E7BB2130E14C00040F7E /* Debug */,
				4514E7BC2130E14C00040F7E /* Release */,
			);
			defaultConfigurationIsVisible = 0;
			defaultConfigurationName = Release;
		};
		4514E7BD2130E14C00040F7E /* Build configuration list for PBXNativeTarget "Log-In (Ejercicio)UITests" */ = {
			isa = XCConfigurationList;
			buildConfigurations = (
				4514E7BE2130E14C00040F7E /* Debug */,
				4514E7BF2130E14C00040F7E /* Release */,
			);
			defaultConfigurationIsVisible = 0;
			defaultConfigurationName = Release;
		};
/* End XCConfigurationList section */
	};
	rootObject = 4514E7872130E14A00040F7E /* Project object */;
}
